
Microsoft Visual Studio Solution File, Format Version 12.00
# Visual Studio 2012
Project("{FAE04EC0-301F-11D3-BF4B-00C04F79EFBC}") = "Atbash Cipher", "Atbash Cipher\Atbash Cipher.csproj", "{18699FDB-17A2-41D8-AD4B-93916E9BFF88}"
EndProject
Global
	GlobalSection(SolutionConfigurationPlatforms) = preSolution
		Debug|Any CPU = Debug|Any CPU
		Release|Any CPU = Release|Any CPU
	EndGlobalSection
	GlobalSection(ProjectConfigurationPlatforms) = postSolution
		{18699FDB-17A2-41D8-AD4B-93916E9BFF88}.Debug|Any CPU.ActiveCfg = Debug|Any CPU
		{18699FDB-17A2-41D8-AD4B-93916E9BFF88}.Debug|Any CPU.Build.0 = Debug|Any CPU
		{18699FDB-17A2-41D8-AD4B-93916E9BFF88}.Release|Any CPU.ActiveCfg = Release|Any CPU
		{18699FDB-17A2-41D8-AD4B-93916E9BFF88}.Release|Any CPU.Build.0 = Release|Any CPU
	EndGlobalSection
	GlobalSection(SolutionProperties) = preSolution
		HideSolutionNode = FALSE
	EndGlobalSection
EndGlobal
